// !$*UTF8*$!
{
	archiveVersion = 1;
	classes = {
	};
	objectVersion = 56;
	objects = {

/* Begin PBXBuildFile section */
		528003472BBF99F900569B36 /* LearnTheBasicApp.swift in Sources */ = {isa = PBXBuildFile; fileRef = 528003462BBF99F900569B36 /* LearnTheBasicApp.swift */; };
		528003492BBF99F900569B36 /* ContentView.swift in Sources */ = {isa = PBXBuildFile; fileRef = 528003482BBF99F900569B36 /* ContentView.swift */; };
		5280034B2BBF99FA00569B36 /* Assets.xcassets in Resources */ = {isa = PBXBuildFile; fileRef = 5280034A2BBF99FA00569B36 /* Assets.xcassets */; };
		5280034E2BBF99FA00569B36 /* Preview Assets.xcassets in Resources */ = {isa = PBXBuildFile; fileRef = 5280034D2BBF99FA00569B36 /* Preview Assets.xcassets */; };
		528003582BBFA60700569B36 /* ContainerStack.swift in Sources */ = {isa = PBXBuildFile; fileRef = 528003572BBFA60700569B36 /* ContainerStack.swift */; };
		5280035A2BBFAA1B00569B36 /* ButtonControl.swift in Sources */ = {isa = PBXBuildFile; fileRef = 528003592BBFAA1B00569B36 /* ButtonControl.swift */; };
		5280035C2BBFB01400569B36 /* ColorPickerControlView.swift in Sources */ = {isa = PBXBuildFile; fileRef = 5280035B2BBFB01400569B36 /* ColorPickerControlView.swift */; };
		5280035E2BBFCEE200569B36 /* DatePickerControl.swift in Sources */ = {isa = PBXBuildFile; fileRef = 5280035D2BBFCEE200569B36 /* DatePickerControl.swift */; };
		528003602BBFD04900569B36 /* FormControlView.swift in Sources */ = {isa = PBXBuildFile; fileRef = 5280035F2BBFD04900569B36 /* FormControlView.swift */; };
		528003622BBFD15000569B36 /* SwiftUIState.swift in Sources */ = {isa = PBXBuildFile; fileRef = 528003612BBFD15000569B36 /* SwiftUIState.swift */; };
		528003642BBFD59D00569B36 /* SwiftUIAlertControl.swift in Sources */ = {isa = PBXBuildFile; fileRef = 528003632BBFD59D00569B36 /* SwiftUIAlertControl.swift */; };
		528003662BBFD72F00569B36 /* SegmentedControlView.swift in Sources */ = {isa = PBXBuildFile; fileRef = 528003652BBFD72F00569B36 /* SegmentedControlView.swift */; };
		528003682BBFD9B900569B36 /* SwiftUILink.swift in Sources */ = {isa = PBXBuildFile; fileRef = 528003672BBFD9B900569B36 /* SwiftUILink.swift */; };
		5280036A2BBFDC5D00569B36 /* WebView.swift in Sources */ = {isa = PBXBuildFile; fileRef = 528003692BBFDC5D00569B36 /* WebView.swift */; };
/* End PBXBuildFile section */

/* Begin PBXFileReference section */
		528003432BBF99F900569B36 /* LearnTheBasic.app */ = {isa = PBXFileReference; explicitFileType = wrapper.application; includeInIndex = 0; path = LearnTheBasic.app; sourceTree = BUILT_PRODUCTS_DIR; };
		528003462BBF99F900569B36 /* LearnTheBasicApp.swift */ = {isa = PBXFileReference; lastKnownFileType = sourcecode.swift; path = LearnTheBasicApp.swift; sourceTree = "<group>"; };
		528003482BBF99F900569B36 /* ContentView.swift */ = {isa = PBXFileReference; lastKnownFileType = sourcecode.swift; path = ContentView.swift; sourceTree = "<group>"; };
		5280034A2BBF99FA00569B36 /* Assets.xcassets */ = {isa = PBXFileReference; lastKnownFileType = folder.assetcatalog; path = Assets.xcassets; sourceTree = "<group>"; };
		5280034D2BBF99FA00569B36 /* Preview Assets.xcassets */ = {isa = PBXFileReference; lastKnownFileType = folder.assetcatalog; path = "Preview Assets.xcassets"; sourceTree = "<group>"; };
		528003572BBFA60700569B36 /* ContainerStack.swift */ = {isa = PBXFileReference; lastKnownFileType = sourcecode.swift; path = ContainerStack.swift; sourceTree = "<group>"; };
		528003592BBFAA1B00569B36 /* ButtonControl.swift */ = {isa = PBXFileReference; lastKnownFileType = sourcecode.swift; path = ButtonControl.swift; sourceTree = "<group>"; };
		5280035B2BBFB01400569B36 /* ColorPickerControlView.swift */ = {isa = PBXFileReference; lastKnownFileType = sourcecode.swift; path = ColorPickerControlView.swift; sourceTree = "<group>"; };
		5280035D2BBFCEE200569B36 /* DatePickerControl.swift */ = {isa = PBXFileReference; lastKnownFileType = sourcecode.swift; path = DatePickerControl.swift; sourceTree = "<group>"; };
		5280035F2BBFD04900569B36 /* FormControlView.swift */ = {isa = PBXFileReference; lastKnownFileType = sourcecode.swift; path = FormControlView.swift; sourceTree = "<group>"; };
		528003612BBFD15000569B36 /* SwiftUIState.swift */ = {isa = PBXFileReference; lastKnownFileType = sourcecode.swift; path = SwiftUIState.swift; sourceTree = "<group>"; };
		528003632BBFD59D00569B36 /* SwiftUIAlertControl.swift */ = {isa = PBXFileReference; lastKnownFileType = sourcecode.swift; path = SwiftUIAlertControl.swift; sourceTree = "<group>"; };
		528003652BBFD72F00569B36 /* SegmentedControlView.swift */ = {isa = PBXFileReference; lastKnownFileType = sourcecode.swift; path = SegmentedControlView.swift; sourceTree = "<group>"; };
		528003672BBFD9B900569B36 /* SwiftUILink.swift */ = {isa = PBXFileReference; lastKnownFileType = sourcecode.swift; path = SwiftUILink.swift; sourceTree = "<group>"; };
		528003692BBFDC5D00569B36 /* WebView.swift */ = {isa = PBXFileReference; lastKnownFileType = sourcecode.swift; path = WebView.swift; sourceTree = "<group>"; };
/* End PBXFileReference section */

/* Begin PBXFrameworksBuildPhase section */
		528003402BBF99F900569B36 /* Frameworks */ = {
			isa = PBXFrameworksBuildPhase;
			buildActionMask = 2147483647;
			files = (
			);
			runOnlyForDeploymentPostprocessing = 0;
		};
/* End PBXFrameworksBuildPhase section */

/* Begin PBXGroup section */
		5280033A2BBF99F900569B36 = {
			isa = PBXGroup;
			children = (
				528003452BBF99F900569B36 /* LearnTheBasic */,
				528003442BBF99F900569B36 /* Products */,
			);
			sourceTree = "<group>";
		};
		528003442BBF99F900569B36 /* Products */ = {
			isa = PBXGroup;
			children = (
				528003432BBF99F900569B36 /* LearnTheBasic.app */,
			);
			name = Products;
			sourceTree = "<group>";
		};
		528003452BBF99F900569B36 /* LearnTheBasic */ = {
			isa = PBXGroup;
			children = (
				528003542BBFA5A000569B36 /* App */,
				528003552BBFA5AC00569B36 /* View */,
				528003562BBFA5BC00569B36 /* Resources */,
				5280034C2BBF99FA00569B36 /* Preview Content */,
				5280036B2BBFDC6200569B36 /* Helper */,
			);
			path = LearnTheBasic;
			sourceTree = "<group>";
		};
		5280034C2BBF99FA00569B36 /* Preview Content */ = {
			isa = PBXGroup;
			children = (
				5280034D2BBF99FA00569B36 /* Preview Assets.xcassets */,
			);
			path = "Preview Content";
			sourceTree = "<group>";
		};
		528003542BBFA5A000569B36 /* App */ = {
			isa = PBXGroup;
			children = (
				528003462BBF99F900569B36 /* LearnTheBasicApp.swift */,
			);
			path = App;
			sourceTree = "<group>";
		};
		528003552BBFA5AC00569B36 /* View */ = {
			isa = PBXGroup;
			children = (
				528003482BBF99F900569B36 /* ContentView.swift */,
				528003572BBFA60700569B36 /* ContainerStack.swift */,
				528003592BBFAA1B00569B36 /* ButtonControl.swift */,
				5280035B2BBFB01400569B36 /* ColorPickerControlView.swift */,
				5280035D2BBFCEE200569B36 /* DatePickerControl.swift */,
				5280035F2BBFD04900569B36 /* FormControlView.swift */,
				528003612BBFD15000569B36 /* SwiftUIState.swift */,
				528003632BBFD59D00569B36 /* SwiftUIAlertControl.swift */,
				528003652BBFD72F00569B36 /* SegmentedControlView.swift */,
				528003672BBFD9B900569B36 /* SwiftUILink.swift */,
			);
			path = View;
			sourceTree = "<group>";
		};
		528003562BBFA5BC00569B36 /* Resources */ = {
			isa = PBXGroup;
			children = (
				5280034A2BBF99FA00569B36 /* Assets.xcassets */,
			);
			path = Resources;
			sourceTree = "<group>";
		};
		5280036B2BBFDC6200569B36 /* Helper */ = {
			isa = PBXGroup;
			children = (
				528003692BBFDC5D00569B36 /* WebView.swift */,
			);
			path = Helper;
			sourceTree = "<group>";
		};
/* End PBXGroup section */

/* Begin PBXNativeTarget section */
		528003422BBF99F900569B36 /* LearnTheBasic */ = {
			isa = PBXNativeTarget;
			buildConfigurationList = 528003512BBF99FA00569B36 /* Build configuration list for PBXNativeTarget "LearnTheBasic" */;
			buildPhases = (
				5280033F2BBF99F900569B36 /* Sources */,
				528003402BBF99F900569B36 /* Frameworks */,
				528003412BBF99F900569B36 /* Resources */,
			);
			buildRules = (
			);
			dependencies = (
			);
			name = LearnTheBasic;
			productName = LearnTheBasic;
			productReference = 528003432BBF99F900569B36 /* LearnTheBasic.app */;
			productType = "com.apple.product-type.application";
		};
/* End PBXNativeTarget section */

/* Begin PBXProject section */
		5280033B2BBF99F900569B36 /* Project object */ = {
			isa = PBXProject;
			attributes = {
				BuildIndependentTargetsInParallel = 1;
				LastSwiftUpdateCheck = 1530;
				LastUpgradeCheck = 1530;
				TargetAttributes = {
					528003422BBF99F900569B36 = {
						CreatedOnToolsVersion = 15.3;
					};
				};
			};
			buildConfigurationList = 5280033E2BBF99F900569B36 /* Build configuration list for PBXProject "LearnTheBasic" */;
			compatibilityVersion = "Xcode 14.0";
			developmentRegion = en;
			hasScannedForEncodings = 0;
			knownRegions = (
				en,
				Base,
			);
			mainGroup = 5280033A2BBF99F900569B36;
			productRefGroup = 528003442BBF99F900569B36 /* Products */;
			projectDirPath = "";
			projectRoot = "";
			targets = (
				528003422BBF99F900569B36 /* LearnTheBasic */,
			);
		};
/* End PBXProject section */

/* Begin PBXResourcesBuildPhase section */
		528003412BBF99F900569B36 /* Resources */ = {
			isa = PBXResourcesBuildPhase;
			buildActionMask = 2147483647;
			files = (
				5280034E2BBF99FA00569B36 /* Preview Assets.xcassets in Resources */,
				5280034B2BBF99FA00569B36 /* Assets.xcassets in Resources */,
			);
			runOnlyForDeploymentPostprocessing = 0;
		};
/* End PBXResourcesBuildPhase section */

/* Begin PBXSourcesBuildPhase section */
		5280033F2BBF99F900569B36 /* Sources */ = {
			isa = PBXSourcesBuildPhase;
			buildActionMask = 2147483647;
			files = (
				528003642BBFD59D00569B36 /* SwiftUIAlertControl.swift in Sources */,
				5280035C2BBFB01400569B36 /* ColorPickerControlView.swift in Sources */,
				528003622BBFD15000569B36 /* SwiftUIState.swift in Sources */,
				528003492BBF99F900569B36 /* ContentView.swift in Sources */,
				528003682BBFD9B900569B36 /* SwiftUILink.swift in Sources */,
				528003602BBFD04900569B36 /* FormControlView.swift in Sources */,
				528003662BBFD72F00569B36 /* SegmentedControlView.swift in Sources */,
				528003472BBF99F900569B36 /* LearnTheBasicApp.swift in Sources */,
				528003582BBFA60700569B36 /* ContainerStack.swift in Sources */,
				5280036A2BBFDC5D00569B36 /* WebView.swift in Sources */,
				5280035A2BBFAA1B00569B36 /* ButtonControl.swift in Sources */,
				5280035E2BBFCEE200569B36 /* DatePickerControl.swift in Sources */,
			);
			runOnlyForDeploymentPostprocessing = 0;
		};
/* End PBXSourcesBuildPhase section */

/* Begin XCBuildConfiguration section */
		5280034F2BBF99FA00569B36 /* Debug */ = {
			isa = XCBuildConfiguration;
			buildSettings = {
				ALWAYS_SEARCH_USER_PATHS = NO;
				ASSETCATALOG_COMPILER_GENERATE_SWIFT_ASSET_SYMBOL_EXTENSIONS = YES;
				CLANG_ANALYZER_NONNULL = YES;
				CLANG_ANALYZER_NUMBER_OBJECT_CONVERSION = YES_AGGRESSIVE;
				CLANG_CXX_LANGUAGE_STANDARD = "gnu++20";
				CLANG_ENABLE_MODULES = YES;
				CLANG_ENABLE_OBJC_ARC = YES;
				CLANG_ENABLE_OBJC_WEAK = YES;
				CLANG_WARN_BLOCK_CAPTURE_AUTORELEASING = YES;
				CLANG_WARN_BOOL_CONVERSION = YES;
				CLANG_WARN_COMMA = YES;
				CLANG_WARN_CONSTANT_CONVERSION = YES;
				CLANG_WARN_DEPRECATED_OBJC_IMPLEMENTATIONS = YES;
				CLANG_WARN_DIRECT_OBJC_ISA_USAGE = YES_ERROR;
				CLANG_WARN_DOCUMENTATION_COMMENTS = YES;
				CLANG_WARN_EMPTY_BODY = YES;
				CLANG_WARN_ENUM_CONVERSION = YES;
				CLANG_WARN_INFINITE_RECURSION = YES;
				CLANG_WARN_INT_CONVERSION = YES;
				CLANG_WARN_NON_LITERAL_NULL_CONVERSION = YES;
				CLANG_WARN_OBJC_IMPLICIT_RETAIN_SELF = YES;
				CLANG_WARN_OBJC_LITERAL_CONVERSION = YES;
				CLANG_WARN_OBJC_ROOT_CLASS = YES_ERROR;
				CLANG_WARN_QUOTED_INCLUDE_IN_FRAMEWORK_HEADER = YES;
				CLANG_WARN_RANGE_LOOP_ANALYSIS = YES;
				CLANG_WARN_STRICT_PROTOTYPES = YES;
				CLANG_WARN_SUSPICIOUS_MOVE = YES;
				CLANG_WARN_UNGUARDED_AVAILABILITY = YES_AGGRESSIVE;
				CLANG_WARN_UNREACHABLE_CODE = YES;
				CLANG_WARN__DUPLICATE_METHOD_MATCH = YES;
				COPY_PHASE_STRIP = NO;
				DEBUG_INFORMATION_FORMAT = dwarf;
				ENABLE_STRICT_OBJC_MSGSEND = YES;
				ENABLE_TESTABILITY = YES;
				ENABLE_USER_SCRIPT_SANDBOXING = YES;
				GCC_C_LANGUAGE_STANDARD = gnu17;
				GCC_DYNAMIC_NO_PIC = NO;
				GCC_NO_COMMON_BLOCKS = YES;
				GCC_OPTIMIZATION_LEVEL = 0;
				GCC_PREPROCESSOR_DEFINITIONS = (
					"DEBUG=1",
					"$(inherited)",
				);
				GCC_WARN_64_TO_32_BIT_CONVERSION = YES;
				GCC_WARN_ABOUT_RETURN_TYPE = YES_ERROR;
				GCC_WARN_UNDECLARED_SELECTOR = YES;
				GCC_WARN_UNINITIALIZED_AUTOS = YES_AGGRESSIVE;
				GCC_WARN_UNUSED_FUNCTION = YES;
				GCC_WARN_UNUSED_VARIABLE = YES;
				IPHONEOS_DEPLOYMENT_TARGET = 17.4;
				LOCALIZATION_PREFERS_STRING_CATALOGS = YES;
				MTL_ENABLE_DEBUG_INFO = INCLUDE_SOURCE;
				MTL_FAST_MATH = YES;
				ONLY_ACTIVE_ARCH = YES;
				SDKROOT = iphoneos;
				SWIFT_ACTIVE_COMPILATION_CONDITIONS = "DEBUG $(inherited)";
				SWIFT_OPTIMIZATION_LEVEL = "-Onone";
			};
			name = Debug;
		};
		528003502BBF99FA00569B36 /* Release */ = {
			isa = XCBuildConfiguration;
			buildSettings = {
				ALWAYS_SEARCH_USER_PATHS = NO;
				ASSETCATALOG_COMPILER_GENERATE_SWIFT_ASSET_SYMBOL_EXTENSIONS = YES;
				CLANG_ANALYZER_NONNULL = YES;
				CLANG_ANALYZER_NUMBER_OBJECT_CONVERSION = YES_AGGRESSIVE;
				CLANG_CXX_LANGUAGE_STANDARD = "gnu++20";
				CLANG_ENABLE_MODULES = YES;
				CLANG_ENABLE_OBJC_ARC = YES;
				CLANG_ENABLE_OBJC_WEAK = YES;
				CLANG_WARN_BLOCK_CAPTURE_AUTORELEASING = YES;
				CLANG_WARN_BOOL_CONVERSION = YES;
				CLANG_WARN_COMMA = YES;
				CLANG_WARN_CONSTANT_CONVERSION = YES;
				CLANG_WARN_DEPRECATED_OBJC_IMPLEMENTATIONS = YES;
				CLANG_WARN_DIRECT_OBJC_ISA_USAGE = YES_ERROR;
				CLANG_WARN_DOCUMENTATION_COMMENTS = YES;
				CLANG_WARN_EMPTY_BODY = YES;
				CLANG_WARN_ENUM_CONVERSION = YES;
				CLANG_WARN_INFINITE_RECURSION = YES;
				CLANG_WARN_INT_CONVERSION = YES;
				CLANG_WARN_NON_LITERAL_NULL_CONVERSION = YES;
				CLANG_WARN_OBJC_IMPLICIT_RETAIN_SELF = YES;
				CLANG_WARN_OBJC_LITERAL_CONVERSION = YES;
				CLANG_WARN_OBJC_ROOT_CLASS = YES_ERROR;
				CLANG_WARN_QUOTED_INCLUDE_IN_FRAMEWORK_HEADER = YES;
				CLANG_WARN_RANGE_LOOP_ANALYSIS = YES;
				CLANG_WARN_STRICT_PROTOTYPES = YES;
				CLANG_WARN_SUSPICIOUS_MOVE = YES;
				CLANG_WARN_UNGUARDED_AVAILABILITY = YES_AGGRESSIVE;
				CLANG_WARN_UNREACHABLE_CODE = YES;
				CLANG_WARN__DUPLICATE_METHOD_MATCH = YES;
				COPY_PHASE_STRIP = NO;
				DEBUG_INFORMATION_FORMAT = "dwarf-with-dsym";
				ENABLE_NS_ASSERTIONS = NO;
				ENABLE_STRICT_OBJC_MSGSEND = YES;
				ENABLE_USER_SCRIPT_SANDBOXING = YES;
				GCC_C_LANGUAGE_STANDARD = gnu17;
				GCC_NO_COMMON_BLOCKS = YES;
				GCC_WARN_64_TO_32_BIT_CONVERSION = YES;
				GCC_WARN_ABOUT_RETURN_TYPE = YES_ERROR;
				GCC_WARN_UNDECLARED_SELECTOR = YES;
				GCC_WARN_UNINITIALIZED_AUTOS = YES_AGGRESSIVE;
				GCC_WARN_UNUSED_FUNCTION = YES;
				GCC_WARN_UNUSED_VARIABLE = YES;
				IPHONEOS_DEPLOYMENT_TARGET = 17.4;
				LOCALIZATION_PREFERS_STRING_CATALOGS = YES;
				MTL_ENABLE_DEBUG_INFO = NO;
				MTL_FAST_MATH = YES;
				SDKROOT = iphoneos;
				SWIFT_COMPILATION_MODE = wholemodule;
				VALIDATE_PRODUCT = YES;
			};
			name = Release;
		};
		528003522BBF99FA00569B36 /* Debug */ = {
			isa = XCBuildConfiguration;
			buildSettings = {
				ASSETCATALOG_COMPILER_APPICON_NAME = AppIcon;
				ASSETCATALOG_COMPILER_GLOBAL_ACCENT_COLOR_NAME = AccentColor;
				CODE_SIGN_STYLE = Automatic;
				CURRENT_PROJECT_VERSION = 1;
				DEVELOPMENT_ASSET_PATHS = "\"LearnTheBasic/Preview Content\"";
				ENABLE_PREVIEWS = YES;
				GENERATE_INFOPLIST_FILE = YES;
				INFOPLIST_KEY_UIApplicationSceneManifest_Generation = YES;
				INFOPLIST_KEY_UIApplicationSupportsIndirectInputEvents = YES;
				INFOPLIST_KEY_UILaunchScreen_Generation = YES;
				INFOPLIST_KEY_UISupportedInterfaceOrientations_iPad = "UIInterfaceOrientationPortrait UIInterfaceOrientationPortraitUpsideDown UIInterfaceOrientationLandscapeLeft UIInterfaceOrientationLandscapeRight";
				INFOPLIST_KEY_UISupportedInterfaceOrientations_iPhone = "UIInterfaceOrientationPortrait UIInterfaceOrientationLandscapeLeft UIInterfaceOrientationLandscapeRight";
				LD_RUNPATH_SEARCH_PATHS = (
					"$(inherited)",
					"@executable_path/Frameworks",
				);
				MARKETING_VERSION = 1.0;
				PRODUCT_BUNDLE_IDENTIFIER = com.iswift.LearnTheBasic;
				PRODUCT_NAME = "$(TARGET_NAME)";
				SWIFT_EMIT_LOC_STRINGS = YES;
				SWIFT_VERSION = 5.0;
				TARGETED_DEVICE_FAMILY = "1,2";
			};
			name = Debug;
		};
		528003532BBF99FA00569B36 /* Release */ = {
			isa = XCBuildConfiguration;
			buildSettings = {
				ASSETCATALOG_COMPILER_APPICON_NAME = AppIcon;
				ASSETCATALOG_COMPILER_GLOBAL_ACCENT_COLOR_NAME = AccentColor;
				CODE_SIGN_STYLE = Automatic;
				CURRENT_PROJECT_VERSION = 1;
				DEVELOPMENT_ASSET_PATHS = "\"LearnTheBasic/Preview Content\"";
				ENABLE_PREVIEWS = YES;
				GENERATE_INFOPLIST_FILE = YES;
				INFOPLIST_KEY_UIApplicationSceneManifest_Generation = YES;
				INFOPLIST_KEY_UIApplicationSupportsIndirectInputEvents = YES;
				INFOPLIST_KEY_UILaunchScreen_Generation = YES;
				INFOPLIST_KEY_UISupportedInterfaceOrientations_iPad = "UIInterfaceOrientationPortrait UIInterfaceOrientationPortraitUpsideDown UIInterfaceOrientationLandscapeLeft UIInterfaceOrientationLandscapeRight";
				INFOPLIST_KEY_UISupportedInterfaceOrientations_iPhone = "UIInterfaceOrientationPortrait UIInterfaceOrientationLandscapeLeft UIInterfaceOrientationLandscapeRight";
				LD_RUNPATH_SEARCH_PATHS = (
					"$(inherited)",
					"@executable_path/Frameworks",
				);
				MARKETING_VERSION = 1.0;
				PRODUCT_BUNDLE_IDENTIFIER = com.iswift.LearnTheBasic;
				PRODUCT_NAME = "$(TARGET_NAME)";
				SWIFT_EMIT_LOC_STRINGS = YES;
				SWIFT_VERSION = 5.0;
				TARGETED_DEVICE_FAMILY = "1,2";
			};
			name = Release;
		};
/* End XCBuildConfiguration section */

/* Begin XCConfigurationList section */
		5280033E2BBF99F900569B36 /* Build configuration list for PBXProject "LearnTheBasic" */ = {
			isa = XCConfigurationList;
			buildConfigurations = (
				5280034F2BBF99FA00569B36 /* Debug */,
				528003502BBF99FA00569B36 /* Release */,
			);
			defaultConfigurationIsVisible = 0;
			defaultConfigurationName = Release;
		};
		528003512BBF99FA00569B36 /* Build configuration list for PBXNativeTarget "LearnTheBasic" */ = {
			isa = XCConfigurationList;
			buildConfigurations = (
				528003522BBF99FA00569B36 /* Debug */,
				528003532BBF99FA00569B36 /* Release */,
			);
			defaultConfigurationIsVisible = 0;
			defaultConfigurationName = Release;
		};
/* End XCConfigurationList section */
	};
	rootObject = 5280033B2BBF99F900569B36 /* Project object */;
}
